// !$*UTF8*$!
{
	archiveVersion = 1;
	classes = {
	};
	objectVersion = 46;
	objects = {

/* Begin PBXBuildFile section */
		D7C8B0351DCA370800009303 /* AppDelegate.swift in Sources */ = {isa = PBXBuildFile; fileRef = D7C8B0341DCA370800009303 /* AppDelegate.swift */; };
		D7C8B0371DCA370800009303 /* ViewController.swift in Sources */ = {isa = PBXBuildFile; fileRef = D7C8B0361DCA370800009303 /* ViewController.swift */; };
		D7C8B03A1DCA370800009303 /* Main.storyboard in Resources */ = {isa = PBXBuildFile; fileRef = D7C8B0381DCA370800009303 /* Main.storyboard */; };
		D7C8B03C1DCA370800009303 /* Assets.xcassets in Resources */ = {isa = PBXBuildFile; fileRef = D7C8B03B1DCA370800009303 /* Assets.xcassets */; };
		D7C8B03F1DCA370800009303 /* LaunchScreen.storyboard in Resources */ = {isa = PBXBuildFile; fileRef = D7C8B03D1DCA370800009303 /* LaunchScreen.storyboard */; };
/* End PBXBuildFile section */

/* Begin PBXFileReference section */
		D7C8B0311DCA370800009303 /* intergalacticTravel.app */ = {isa = PBXFileReference; explicitFileType = wrapper.application; includeInIndex = 0; path = intergalacticTravel.app; sourceTree = BUILT_PRODUCTS_DIR; };
		D7C8B0341DCA370800009303 /* AppDelegate.swift */ = {isa = PBXFileReference; lastKnownFileType = sourcecode.swift; path = AppDelegate.swift; sourceTree = "<group>"; };
		D7C8B0361DCA370800009303 /* ViewController.swift */ = {isa = PBXFileReference; lastKnownFileType = sourcecode.swift; path = ViewController.swift; sourceTree = "<group>"; };
		D7C8B0391DCA370800009303 /* Base */ = {isa = PBXFileReference; lastKnownFileType = file.storyboard; name = Base; path = Base.lproj/Main.storyboard; sourceTree = "<group>"; };
		D7C8B03B1DCA370800009303 /* Assets.xcassets */ = {isa = PBXFileReference; lastKnownFileType = folder.assetcatalog; path = Assets.xcassets; sourceTree = "<group>"; };
		D7C8B03E1DCA370800009303 /* Base */ = {isa = PBXFileReference; lastKnownFileType = file.storyboard; name = Base; path = Base.lproj/LaunchScreen.storyboard; sourceTree = "<group>"; };
		D7C8B0401DCA370800009303 /* Info.plist */ = {isa = PBXFileReference; lastKnownFileType = text.plist.xml; path = Info.plist; sourceTree = "<group>"; };
/* End PBXFileReference section */

/* Begin PBXFrameworksBuildPhase section */
		D7C8B02E1DCA370800009303 /* Frameworks */ = {
			isa = PBXFrameworksBuildPhase;
			buildActionMask = 2147483647;
			files = (
			);
			runOnlyForDeploymentPostprocessing = 0;
		};
/* End PBXFrameworksBuildPhase section */

/* Begin PBXGroup section */
		D7C8B0281DCA370800009303 = {
			isa = PBXGroup;
			children = (
				D7C8B0331DCA370800009303 /* intergalacticTravel */,
				D7C8B0321DCA370800009303 /* Products */,
			);
			sourceTree = "<group>";
		};
		D7C8B0321DCA370800009303 /* Products */ = {
			isa = PBXGroup;
			children = (
				D7C8B0311DCA370800009303 /* intergalacticTravel.app */,
			);
			name = Products;
			sourceTree = "<group>";
		};
		D7C8B0331DCA370800009303 /* intergalacticTravel */ = {
			isa = PBXGroup;
			children = (
				D7C8B0341DCA370800009303 /* AppDelegate.swift */,
				D7C8B0361DCA370800009303 /* ViewController.swift */,
				D7C8B0381DCA370800009303 /* Main.storyboard */,
				D7C8B03B1DCA370800009303 /* Assets.xcassets */,
				D7C8B03D1DCA370800009303 /* LaunchScreen.storyboard */,
				D7C8B0401DCA370800009303 /* Info.plist */,
			);
			path = intergalacticTravel;
			sourceTree = "<group>";
		};
/* End PBXGroup section */

/* Begin PBXNativeTarget section */
		D7C8B0301DCA370800009303 /* intergalacticTravel */ = {
			isa = PBXNativeTarget;
			buildConfigurationList = D7C8B0431DCA370800009303 /* Build configuration list for PBXNativeTarget "intergalacticTravel" */;
			buildPhases = (
				D7C8B02D1DCA370800009303 /* Sources */,
				D7C8B02E1DCA370800009303 /* Frameworks */,
				D7C8B02F1DCA370800009303 /* Resources */,
			);
			buildRules = (
			);
			dependencies = (
			);
			name = intergalacticTravel;
			productName = intergalacticTravel;
			productReference = D7C8B0311DCA370800009303 /* intergalacticTravel.app */;
			productType = "com.apple.product-type.application";
		};
/* End PBXNativeTarget section */

/* Begin PBXProject section */
		D7C8B0291DCA370800009303 /* Project object */ = {
			isa = PBXProject;
			attributes = {
				LastSwiftUpdateCheck = 0810;
				LastUpgradeCheck = 0810;
				ORGANIZATIONNAME = "John Hersey High School";
				TargetAttributes = {
					D7C8B0301DCA370800009303 = {
						CreatedOnToolsVersion = 8.1;
						DevelopmentTeam = MWYP86HB3N;
						ProvisioningStyle = Automatic;
					};
				};
			};
			buildConfigurationList = D7C8B02C1DCA370800009303 /* Build configuration list for PBXProject "intergalacticTravel" */;
			compatibilityVersion = "Xcode 3.2";
			developmentRegion = English;
			hasScannedForEncodings = 0;
			knownRegions = (
				en,
				Base,
			);
			mainGroup = D7C8B0281DCA370800009303;
			productRefGroup = D7C8B0321DCA370800009303 /* Products */;
			projectDirPath = "";
			projectRoot = "";
			targets = (
				D7C8B0301DCA370800009303 /* intergalacticTravel */,
			);
		};
/* End PBXProject section */

/* Begin PBXResourcesBuildPhase section */
		D7C8B02F1DCA370800009303 /* Resources */ = {
			isa = PBXResourcesBuildPhase;
			buildActionMask = 2147483647;
			files = (
				D7C8B03F1DCA370800009303 /* LaunchScreen.storyboard in Resources */,
				D7C8B03C1DCA370800009303 /* Assets.xcassets in Resources */,
				D7C8B03A1DCA370800009303 /* Main.storyboard in Resources */,
			);
			runOnlyForDeploymentPostprocessing = 0;
		};
/* End PBXResourcesBuildPhase section */

/* Begin PBXSourcesBuildPhase section */
		D7C8B02D1DCA370800009303 /* Sources */ = {
			isa = PBXSourcesBuildPhase;
			buildActionMask = 2147483647;
			files = (
				D7C8B0371DCA370800009303 /* ViewController.swift in Sources */,
				D7C8B0351DCA370800009303 /* AppDelegate.swift in Sources */,
			);
			runOnlyForDeploymentPostprocessing = 0;
		};
/* End PBXSourcesBuildPhase section */

/* Begin PBXVariantGroup section */
		D7C8B0381DCA370800009303 /* Main.storyboard */ = {
			isa = PBXVariantGroup;
			children = (
				D7C8B0391DCA370800009303 /* Base */,
			);
			name = Main.storyboard;
			sourceTree = "<group>";
		};
		D7C8B03D1DCA370800009303 /* LaunchScreen.storyboard */ = {
			isa = PBXVariantGroup;
			children = (
				D7C8B03E1DCA370800009303 /* Base */,
			);
			name = LaunchScreen.storyboard;
			sourceTree = "<group>";
		};
/* End PBXVariantGroup section */

/* Begin XCBuildConfiguration section */
		D7C8B0411DCA370800009303 /* Debug */ = {
			isa = XCBuildConfiguration;
			buildSettings = {
				ALWAYS_SEARCH_USER_PATHS = NO;
				CLANG_ANALYZER_NONNULL = YES;
				CLANG_CXX_LANGUAGE_STANDARD = "gnu++0x";
				CLANG_CXX_LIBRARY = "libc++";
				CLANG_ENABLE_MODULES = YES;
				CLANG_ENABLE_OBJC_ARC = YES;
				CLANG_WARN_BOOL_CONVERSION = YES;
				CLANG_WARN_CONSTANT_CONVERSION = YES;
				CLANG_WARN_DIRECT_OBJC_ISA_USAGE = YES_ERROR;
				CLANG_WARN_DOCUMENTATION_COMMENTS = YES;
				CLANG_WARN_EMPTY_BODY = YES;
				CLANG_WARN_ENUM_CONVERSION = YES;
				CLANG_WARN_INFINITE_RECURSION = YES;
				CLANG_WARN_INT_CONVERSION = YES;
				CLANG_WARN_OBJC_ROOT_CLASS = YES_ERROR;
				CLANG_WARN_SUSPICIOUS_MOVES = YES;
				CLANG_WARN_UNREACHABLE_CODE = YES;
				CLANG_WARN__DUPLICATE_METHOD_MATCH = YES;
				"CODE_SIGN_IDENTITY[sdk=iphoneos*]" = "iPhone Developer";
				COPY_PHASE_STRIP = NO;
				DEBUG_INFORMATION_FORMAT = dwarf;
				ENABLE_STRICT_OBJC_MSGSEND = YES;
				ENABLE_TESTABILITY = YES;
				GCC_C_LANGUAGE_STANDARD = gnu99;
				GCC_DYNAMIC_NO_PIC = NO;
				GCC_NO_COMMON_BLOCKS = YES;
				GCC_OPTIMIZATION_LEVEL = 0;
				GCC_PREPROCESSOR_DEFINITIONS = (
					"DEBUG=1",
					"$(inherited)",
				);
				GCC_WARN_64_TO_32_BIT_CONVERSION = YES;
				GCC_WARN_ABOUT_RETURN_TYPE = YES_ERROR;
				GCC_WARN_UNDECLARED_SELECTOR = YES;
				GCC_WARN_UNINITIALIZED_AUTOS = YES_AGGRESSIVE;
				GCC_WARN_UNUSED_FUNCTION = YES;
				GCC_WARN_UNUSED_VARIABLE = YES;
				IPHONEOS_DEPLOYMENT_TARGET = 10.1;
				MTL_ENABLE_DEBUG_INFO = YES;
				ONLY_ACTIVE_ARCH = YES;
				SDKROOT = iphoneos;
				SWIFT_ACTIVE_COMPILATION_CONDITIONS = DEBUG;
				SWIFT_OPTIMIZATION_LEVEL = "-Onone";
				TARGETED_DEVICE_FAMILY = "1,2";
			};
			name = Debug;
		};
		D7C8B0421DCA370800009303 /* Release */ = {
			isa = XCBuildConfiguration;
			buildSettings = {
				ALWAYS_SEARCH_USER_PATHS = NO;
				CLANG_ANALYZER_NONNULL = YES;
				CLANG_CXX_LANGUAGE_STANDARD = "gnu++0x";
				CLANG_CXX_LIBRARY = "libc++";
				CLANG_ENABLE_MODULES = YES;
				CLANG_ENABLE_OBJC_ARC = YES;
				CLANG_WARN_BOOL_CONVERSION = YES;
				CLANG_WARN_CONSTANT_CONVERSION = YES;
				CLANG_WARN_DIRECT_OBJC_ISA_USAGE = YES_ERROR;
				CLANG_WARN_DOCUMENTATION_COMMENTS = YES;
				CLANG_WARN_EMPTY_BODY = YES;
				CLANG_WARN_ENUM_CONVERSION = YES;
				CLANG_WARN_INFINITE_RECURSION = YES;
				CLANG_WARN_INT_CONVERSION = YES;
				CLANG_WARN_OBJC_ROOT_CLASS = YES_ERROR;
				CLANG_WARN_SUSPICIOUS_MOVES = YES;
				CLANG_WARN_UNREACHABLE_CODE = YES;
				CLANG_WARN__DUPLICATE_METHOD_MATCH = YES;
				"CODE_SIGN_IDENTITY[sdk=iphoneos*]" = "iPhone Developer";
				COPY_PHASE_STRIP = NO;
				DEBUG_INFORMATION_FORMAT = "dwarf-with-dsym";
				ENABLE_NS_ASSERTIONS = NO;
				ENABLE_STRICT_OBJC_MSGSEND = YES;
				GCC_C_LANGUAGE_STANDARD = gnu99;
				GCC_NO_COMMON_BLOCKS = YES;
				GCC_WARN_64_TO_32_BIT_CONVERSION = YES;
				GCC_WARN_ABOUT_RETURN_TYPE = YES_ERROR;
				GCC_WARN_UNDECLARED_SELECTOR = YES;
				GCC_WARN_UNINITIALIZED_AUTOS = YES_AGGRESSIVE;
				GCC_WARN_UNUSED_FUNCTION = YES;
				GCC_WARN_UNUSED_VARIABLE = YES;
				IPHONEOS_DEPLOYMENT_TARGET = 10.1;
				MTL_ENABLE_DEBUG_INFO = NO;
				SDKROOT = iphoneos;
				SWIFT_OPTIMIZATION_LEVEL = "-Owholemodule";
				TARGETED_DEVICE_FAMILY = "1,2";
				VALIDATE_PRODUCT = YES;
			};
			name = Release;
		};
		D7C8B0441DCA370800009303 /* Debug */ = {
			isa = XCBuildConfiguration;
			buildSettings = {
				ASSETCATALOG_COMPILER_APPICON_NAME = AppIcon;
				DEVELOPMENT_TEAM = MWYP86HB3N;
				INFOPLIST_FILE = intergalacticTravel/Info.plist;
				LD_RUNPATH_SEARCH_PATHS = "$(inherited) @executable_path/Frameworks";
				PRODUCT_BUNDLE_IDENTIFIER = org.jhhs619353.intergalacticTravel;
				PRODUCT_NAME = "$(TARGET_NAME)";
				SWIFT_VERSION = 3.0;
			};
			name = Debug;
		};
		D7C8B0451DCA370800009303 /* Release */ = {
			isa = XCBuildConfiguration;
			buildSettings = {
				ASSETCATALOG_COMPILER_APPICON_NAME = AppIcon;
				DEVELOPMENT_TEAM = MWYP86HB3N;
				INFOPLIST_FILE = intergalacticTravel/Info.plist;
				LD_RUNPATH_SEARCH_PATHS = "$(inherited) @executable_path/Frameworks";
				PRODUCT_BUNDLE_IDENTIFIER = org.jhhs619353.intergalacticTravel;
				PRODUCT_NAME = "$(TARGET_NAME)";
				SWIFT_VERSION = 3.0;
			};
			name = Release;
		};
/* End XCBuildConfiguration section */

/* Begin XCConfigurationList section */
		D7C8B02C1DCA370800009303 /* Build configuration list for PBXProject "intergalacticTravel" */ = {
			isa = XCConfigurationList;
			buildConfigurations = (
				D7C8B0411DCA370800009303 /* Debug */,
				D7C8B0421DCA370800009303 /* Release */,
			);
			defaultConfigurationIsVisible = 0;
			defaultConfigurationName = Release;
		};
		D7C8B0431DCA370800009303 /* Build configuration list for PBXNativeTarget "intergalacticTravel" */ = {
			isa = XCConfigurationList;
			buildConfigurations = (
				D7C8B0441DCA370800009303 /* Debug */,
				D7C8B0451DCA370800009303 /* Release */,
			);
			defaultConfigurationIsVisible = 0;
		};
/* End XCConfigurationList section */
	};
	rootObject = D7C8B0291DCA370800009303 /* Project object */;
}
